// !$*UTF8*$!
{
	archiveVersion = 1;
	classes = {
	};
	objectVersion = 51;
	objects = {

/* Begin PBXBuildFile section */
		19DC7325FB1A69293692FB77 /* Pods_SteganographyTests.framework in Frameworks */ = {isa = PBXBuildFile; fileRef = 7B39A5D6C6E0F67C0847C359 /* Pods_SteganographyTests.framework */; };
		1C641C09CCBF09A52783A6B0 /* Pods_Steganography.framework in Frameworks */ = {isa = PBXBuildFile; fileRef = 0BD832C170FEFF128D36E18A /* Pods_Steganography.framework */; };
		513A746B61AD9FBDC8DB4FC2 /* Pods_Steganography_SteganographyUITests.framework in Frameworks */ = {isa = PBXBuildFile; fileRef = C04B7A3761141BA7BE26F000 /* Pods_Steganography_SteganographyUITests.framework */; };
		9C3648FE2615C81F00CF167A /* SteganographyApp.swift in Sources */ = {isa = PBXBuildFile; fileRef = 9C3648FD2615C81F00CF167A /* SteganographyApp.swift */; };
		9C3649002615C81F00CF167A /* ContentView.swift in Sources */ = {isa = PBXBuildFile; fileRef = 9C3648FF2615C81F00CF167A /* ContentView.swift */; };
		9C3649022615C82000CF167A /* Assets.xcassets in Resources */ = {isa = PBXBuildFile; fileRef = 9C3649012615C82000CF167A /* Assets.xcassets */; };
		9C3649052615C82000CF167A /* Preview Assets.xcassets in Resources */ = {isa = PBXBuildFile; fileRef = 9C3649042615C82000CF167A /* Preview Assets.xcassets */; };
		9C3649102615C82000CF167A /* SteganographyTests.swift in Sources */ = {isa = PBXBuildFile; fileRef = 9C36490F2615C82000CF167A /* SteganographyTests.swift */; };
		9C36491B2615C82000CF167A /* SteganographyUITests.swift in Sources */ = {isa = PBXBuildFile; fileRef = 9C36491A2615C82000CF167A /* SteganographyUITests.swift */; };
		9C36492D2615C94600CF167A /* ImageProcessor.swift in Sources */ = {isa = PBXBuildFile; fileRef = 9C36492C2615C94600CF167A /* ImageProcessor.swift */; };
		9C68E84A262D816E004ED766 /* HideImageView.swift in Sources */ = {isa = PBXBuildFile; fileRef = 9C68E849262D816E004ED766 /* HideImageView.swift */; };
		9C68E857262D8644004ED766 /* ImagePicker.swift in Sources */ = {isa = PBXBuildFile; fileRef = 9C68E856262D8644004ED766 /* ImagePicker.swift */; };
		9C68E85C262D871A004ED766 /* UnhideImageView.swift in Sources */ = {isa = PBXBuildFile; fileRef = 9C68E85B262D871A004ED766 /* UnhideImageView.swift */; };
/* End PBXBuildFile section */

/* Begin PBXContainerItemProxy section */
		9C36490C2615C82000CF167A /* PBXContainerItemProxy */ = {
			isa = PBXContainerItemProxy;
			containerPortal = 9C3648F22615C81F00CF167A /* Project object */;
			proxyType = 1;
			remoteGlobalIDString = 9C3648F92615C81F00CF167A;
			remoteInfo = Steganography;
		};
		9C3649172615C82000CF167A /* PBXContainerItemProxy */ = {
			isa = PBXContainerItemProxy;
			containerPortal = 9C3648F22615C81F00CF167A /* Project object */;
			proxyType = 1;
			remoteGlobalIDString = 9C3648F92615C81F00CF167A;
			remoteInfo = Steganography;
		};
/* End PBXContainerItemProxy section */

/* Begin PBXFileReference section */
		0BD832C170FEFF128D36E18A /* Pods_Steganography.framework */ = {isa = PBXFileReference; explicitFileType = wrapper.framework; includeInIndex = 0; path = Pods_Steganography.framework; sourceTree = BUILT_PRODUCTS_DIR; };
		1D18036DA094974193AC24BC /* Pods-SteganographyTests.debug.xcconfig */ = {isa = PBXFileReference; includeInIndex = 1; lastKnownFileType = text.xcconfig; name = "Pods-SteganographyTests.debug.xcconfig"; path = "Target Support Files/Pods-SteganographyTests/Pods-SteganographyTests.debug.xcconfig"; sourceTree = "<group>"; };
		26536B878729C097AB9D6159 /* Pods-Steganography.debug.xcconfig */ = {isa = PBXFileReference; includeInIndex = 1; lastKnownFileType = text.xcconfig; name = "Pods-Steganography.debug.xcconfig"; path = "Target Support Files/Pods-Steganography/Pods-Steganography.debug.xcconfig"; sourceTree = "<group>"; };
		4381F3DFF60E2FA16100B7A2 /* Pods-Steganography-SteganographyUITests.debug.xcconfig */ = {isa = PBXFileReference; includeInIndex = 1; lastKnownFileType = text.xcconfig; name = "Pods-Steganography-SteganographyUITests.debug.xcconfig"; path = "Target Support Files/Pods-Steganography-SteganographyUITests/Pods-Steganography-SteganographyUITests.debug.xcconfig"; sourceTree = "<group>"; };
		7B39A5D6C6E0F67C0847C359 /* Pods_SteganographyTests.framework */ = {isa = PBXFileReference; explicitFileType = wrapper.framework; includeInIndex = 0; path = Pods_SteganographyTests.framework; sourceTree = BUILT_PRODUCTS_DIR; };
		9C3648FA2615C81F00CF167A /* Steganography.app */ = {isa = PBXFileReference; explicitFileType = wrapper.application; includeInIndex = 0; path = Steganography.app; sourceTree = BUILT_PRODUCTS_DIR; };
		9C3648FD2615C81F00CF167A /* SteganographyApp.swift */ = {isa = PBXFileReference; lastKnownFileType = sourcecode.swift; path = SteganographyApp.swift; sourceTree = "<group>"; };
		9C3648FF2615C81F00CF167A /* ContentView.swift */ = {isa = PBXFileReference; lastKnownFileType = sourcecode.swift; path = ContentView.swift; sourceTree = "<group>"; };
		9C3649012615C82000CF167A /* Assets.xcassets */ = {isa = PBXFileReference; lastKnownFileType = folder.assetcatalog; path = Assets.xcassets; sourceTree = "<group>"; };
		9C3649042615C82000CF167A /* Preview Assets.xcassets */ = {isa = PBXFileReference; lastKnownFileType = folder.assetcatalog; path = "Preview Assets.xcassets"; sourceTree = "<group>"; };
		9C3649062615C82000CF167A /* Info.plist */ = {isa = PBXFileReference; lastKnownFileType = text.plist.xml; path = Info.plist; sourceTree = "<group>"; };
		9C36490B2615C82000CF167A /* SteganographyTests.xctest */ = {isa = PBXFileReference; explicitFileType = wrapper.cfbundle; includeInIndex = 0; path = SteganographyTests.xctest; sourceTree = BUILT_PRODUCTS_DIR; };
		9C36490F2615C82000CF167A /* SteganographyTests.swift */ = {isa = PBXFileReference; lastKnownFileType = sourcecode.swift; path = SteganographyTests.swift; sourceTree = "<group>"; };
		9C3649112615C82000CF167A /* Info.plist */ = {isa = PBXFileReference; lastKnownFileType = text.plist.xml; path = Info.plist; sourceTree = "<group>"; };
		9C3649162615C82000CF167A /* SteganographyUITests.xctest */ = {isa = PBXFileReference; explicitFileType = wrapper.cfbundle; includeInIndex = 0; path = SteganographyUITests.xctest; sourceTree = BUILT_PRODUCTS_DIR; };
		9C36491A2615C82000CF167A /* SteganographyUITests.swift */ = {isa = PBXFileReference; lastKnownFileType = sourcecode.swift; path = SteganographyUITests.swift; sourceTree = "<group>"; };
		9C36491C2615C82000CF167A /* Info.plist */ = {isa = PBXFileReference; lastKnownFileType = text.plist.xml; path = Info.plist; sourceTree = "<group>"; };
		9C36492C2615C94600CF167A /* ImageProcessor.swift */ = {isa = PBXFileReference; lastKnownFileType = sourcecode.swift; path = ImageProcessor.swift; sourceTree = "<group>"; };
		9C68E849262D816E004ED766 /* HideImageView.swift */ = {isa = PBXFileReference; lastKnownFileType = sourcecode.swift; path = HideImageView.swift; sourceTree = "<group>"; };
		9C68E856262D8644004ED766 /* ImagePicker.swift */ = {isa = PBXFileReference; lastKnownFileType = sourcecode.swift; path = ImagePicker.swift; sourceTree = "<group>"; };
		9C68E85B262D871A004ED766 /* UnhideImageView.swift */ = {isa = PBXFileReference; lastKnownFileType = sourcecode.swift; path = UnhideImageView.swift; sourceTree = "<group>"; };
		9D8BA2A0D3045AAE9C317C59 /* Pods-Steganography.release.xcconfig */ = {isa = PBXFileReference; includeInIndex = 1; lastKnownFileType = text.xcconfig; name = "Pods-Steganography.release.xcconfig"; path = "Target Support Files/Pods-Steganography/Pods-Steganography.release.xcconfig"; sourceTree = "<group>"; };
		A88E2E3A4F563C0EDA84719C /* Pods-SteganographyTests.release.xcconfig */ = {isa = PBXFileReference; includeInIndex = 1; lastKnownFileType = text.xcconfig; name = "Pods-SteganographyTests.release.xcconfig"; path = "Target Support Files/Pods-SteganographyTests/Pods-SteganographyTests.release.xcconfig"; sourceTree = "<group>"; };
		B2E8A32285058934487A9B59 /* Pods-Steganography-SteganographyUITests.release.xcconfig */ = {isa = PBXFileReference; includeInIndex = 1; lastKnownFileType = text.xcconfig; name = "Pods-Steganography-SteganographyUITests.release.xcconfig"; path = "Target Support Files/Pods-Steganography-SteganographyUITests/Pods-Steganography-SteganographyUITests.release.xcconfig"; sourceTree = "<group>"; };
		C04B7A3761141BA7BE26F000 /* Pods_Steganography_SteganographyUITests.framework */ = {isa = PBXFileReference; explicitFileType = wrapper.framework; includeInIndex = 0; path = Pods_Steganography_SteganographyUITests.framework; sourceTree = BUILT_PRODUCTS_DIR; };
/* End PBXFileReference section */

/* Begin PBXFrameworksBuildPhase section */
		9C3648F72615C81F00CF167A /* Frameworks */ = {
			isa = PBXFrameworksBuildPhase;
			buildActionMask = 2147483647;
			files = (
				1C641C09CCBF09A52783A6B0 /* Pods_Steganography.framework in Frameworks */,
			);
			runOnlyForDeploymentPostprocessing = 0;
		};
		9C3649082615C82000CF167A /* Frameworks */ = {
			isa = PBXFrameworksBuildPhase;
			buildActionMask = 2147483647;
			files = (
				19DC7325FB1A69293692FB77 /* Pods_SteganographyTests.framework in Frameworks */,
			);
			runOnlyForDeploymentPostprocessing = 0;
		};
		9C3649132615C82000CF167A /* Frameworks */ = {
			isa = PBXFrameworksBuildPhase;
			buildActionMask = 2147483647;
			files = (
				513A746B61AD9FBDC8DB4FC2 /* Pods_Steganography_SteganographyUITests.framework in Frameworks */,
			);
			runOnlyForDeploymentPostprocessing = 0;
		};
/* End PBXFrameworksBuildPhase section */

/* Begin PBXGroup section */
		2B8D88340132F6018E76F6BC /* Frameworks */ = {
			isa = PBXGroup;
			children = (
				0BD832C170FEFF128D36E18A /* Pods_Steganography.framework */,
				C04B7A3761141BA7BE26F000 /* Pods_Steganography_SteganographyUITests.framework */,
				7B39A5D6C6E0F67C0847C359 /* Pods_SteganographyTests.framework */,
			);
			name = Frameworks;
			sourceTree = "<group>";
		};
		9C3648F12615C81F00CF167A = {
			isa = PBXGroup;
			children = (
				9C3648FC2615C81F00CF167A /* Steganography */,
				9C36490E2615C82000CF167A /* SteganographyTests */,
				9C3649192615C82000CF167A /* SteganographyUITests */,
				9C3648FB2615C81F00CF167A /* Products */,
				A543ED68586FF6AD37CA6808 /* Pods */,
				2B8D88340132F6018E76F6BC /* Frameworks */,
			);
			sourceTree = "<group>";
		};
		9C3648FB2615C81F00CF167A /* Products */ = {
			isa = PBXGroup;
			children = (
				9C3648FA2615C81F00CF167A /* Steganography.app */,
				9C36490B2615C82000CF167A /* SteganographyTests.xctest */,
				9C3649162615C82000CF167A /* SteganographyUITests.xctest */,
			);
			name = Products;
			sourceTree = "<group>";
		};
		9C3648FC2615C81F00CF167A /* Steganography */ = {
			isa = PBXGroup;
			children = (
				9C36492B2615C8F000CF167A /* ImageProcessor */,
				9C3648FD2615C81F00CF167A /* SteganographyApp.swift */,
				9C3648FF2615C81F00CF167A /* ContentView.swift */,
				9C3649012615C82000CF167A /* Assets.xcassets */,
				9C3649062615C82000CF167A /* Info.plist */,
				9C3649032615C82000CF167A /* Preview Content */,
				9C68E849262D816E004ED766 /* HideImageView.swift */,
				9C68E856262D8644004ED766 /* ImagePicker.swift */,
				9C68E85B262D871A004ED766 /* UnhideImageView.swift */,
			);
			path = Steganography;
			sourceTree = "<group>";
		};
		9C3649032615C82000CF167A /* Preview Content */ = {
			isa = PBXGroup;
			children = (
				9C3649042615C82000CF167A /* Preview Assets.xcassets */,
			);
			path = "Preview Content";
			sourceTree = "<group>";
		};
		9C36490E2615C82000CF167A /* SteganographyTests */ = {
			isa = PBXGroup;
			children = (
				9C36490F2615C82000CF167A /* SteganographyTests.swift */,
				9C3649112615C82000CF167A /* Info.plist */,
			);
			path = SteganographyTests;
			sourceTree = "<group>";
		};
		9C3649192615C82000CF167A /* SteganographyUITests */ = {
			isa = PBXGroup;
			children = (
				9C36491A2615C82000CF167A /* SteganographyUITests.swift */,
				9C36491C2615C82000CF167A /* Info.plist */,
			);
			path = SteganographyUITests;
			sourceTree = "<group>";
		};
		9C36492B2615C8F000CF167A /* ImageProcessor */ = {
			isa = PBXGroup;
			children = (
				9C36492C2615C94600CF167A /* ImageProcessor.swift */,
			);
			path = ImageProcessor;
			sourceTree = "<group>";
		};
		A543ED68586FF6AD37CA6808 /* Pods */ = {
			isa = PBXGroup;
			children = (
				26536B878729C097AB9D6159 /* Pods-Steganography.debug.xcconfig */,
				9D8BA2A0D3045AAE9C317C59 /* Pods-Steganography.release.xcconfig */,
				4381F3DFF60E2FA16100B7A2 /* Pods-Steganography-SteganographyUITests.debug.xcconfig */,
				B2E8A32285058934487A9B59 /* Pods-Steganography-SteganographyUITests.release.xcconfig */,
				1D18036DA094974193AC24BC /* Pods-SteganographyTests.debug.xcconfig */,
				A88E2E3A4F563C0EDA84719C /* Pods-SteganographyTests.release.xcconfig */,
			);
			path = Pods;
			sourceTree = "<group>";
		};
/* End PBXGroup section */

/* Begin PBXNativeTarget section */
		9C3648F92615C81F00CF167A /* Steganography */ = {
			isa = PBXNativeTarget;
			buildConfigurationList = 9C36491F2615C82000CF167A /* Build configuration list for PBXNativeTarget "Steganography" */;
			buildPhases = (
				EF5DCEFE0F64BEBF03764BD4 /* [CP] Check Pods Manifest.lock */,
				9C3648F62615C81F00CF167A /* Sources */,
				9C3648F72615C81F00CF167A /* Frameworks */,
				9C3648F82615C81F00CF167A /* Resources */,
				575D88D977CED9DD5A63391C /* [CP] Embed Pods Frameworks */,
			);
			buildRules = (
			);
			dependencies = (
			);
			name = Steganography;
			productName = Steganography;
			productReference = 9C3648FA2615C81F00CF167A /* Steganography.app */;
			productType = "com.apple.product-type.application";
		};
		9C36490A2615C82000CF167A /* SteganographyTests */ = {
			isa = PBXNativeTarget;
			buildConfigurationList = 9C3649222615C82000CF167A /* Build configuration list for PBXNativeTarget "SteganographyTests" */;
			buildPhases = (
				F90990F0BFE0E1A5114A1710 /* [CP] Check Pods Manifest.lock */,
				9C3649072615C82000CF167A /* Sources */,
				9C3649082615C82000CF167A /* Frameworks */,
				9C3649092615C82000CF167A /* Resources */,
			);
			buildRules = (
			);
			dependencies = (
				9C36490D2615C82000CF167A /* PBXTargetDependency */,
			);
			name = SteganographyTests;
			productName = SteganographyTests;
			productReference = 9C36490B2615C82000CF167A /* SteganographyTests.xctest */;
			productType = "com.apple.product-type.bundle.unit-test";
		};
		9C3649152615C82000CF167A /* SteganographyUITests */ = {
			isa = PBXNativeTarget;
			buildConfigurationList = 9C3649252615C82000CF167A /* Build configuration list for PBXNativeTarget "SteganographyUITests" */;
			buildPhases = (
				81F0E05A4076797C6DD6E9BD /* [CP] Check Pods Manifest.lock */,
				9C3649122615C82000CF167A /* Sources */,
				9C3649132615C82000CF167A /* Frameworks */,
				9C3649142615C82000CF167A /* Resources */,
				421770AAD412A3D0ACAF29F0 /* [CP] Embed Pods Frameworks */,
			);
			buildRules = (
			);
			dependencies = (
				9C3649182615C82000CF167A /* PBXTargetDependency */,
			);
			name = SteganographyUITests;
			productName = SteganographyUITests;
			productReference = 9C3649162615C82000CF167A /* SteganographyUITests.xctest */;
			productType = "com.apple.product-type.bundle.ui-testing";
		};
/* End PBXNativeTarget section */

/* Begin PBXProject section */
		9C3648F22615C81F00CF167A /* Project object */ = {
			isa = PBXProject;
			attributes = {
				LastSwiftUpdateCheck = 1240;
				LastUpgradeCheck = 1240;
				TargetAttributes = {
					9C3648F92615C81F00CF167A = {
						CreatedOnToolsVersion = 12.4;
					};
					9C36490A2615C82000CF167A = {
						CreatedOnToolsVersion = 12.4;
						TestTargetID = 9C3648F92615C81F00CF167A;
					};
					9C3649152615C82000CF167A = {
						CreatedOnToolsVersion = 12.4;
						TestTargetID = 9C3648F92615C81F00CF167A;
					};
				};
			};
			buildConfigurationList = 9C3648F52615C81F00CF167A /* Build configuration list for PBXProject "Steganography" */;
			compatibilityVersion = "Xcode 9.3";
			developmentRegion = en;
			hasScannedForEncodings = 0;
			knownRegions = (
				en,
				Base,
			);
			mainGroup = 9C3648F12615C81F00CF167A;
			productRefGroup = 9C3648FB2615C81F00CF167A /* Products */;
			projectDirPath = "";
			projectRoot = "";
			targets = (
				9C3648F92615C81F00CF167A /* Steganography */,
				9C36490A2615C82000CF167A /* SteganographyTests */,
				9C3649152615C82000CF167A /* SteganographyUITests */,
			);
		};
/* End PBXProject section */

/* Begin PBXResourcesBuildPhase section */
		9C3648F82615C81F00CF167A /* Resources */ = {
			isa = PBXResourcesBuildPhase;
			buildActionMask = 2147483647;
			files = (
				9C3649052615C82000CF167A /* Preview Assets.xcassets in Resources */,
				9C3649022615C82000CF167A /* Assets.xcassets in Resources */,
			);
			runOnlyForDeploymentPostprocessing = 0;
		};
		9C3649092615C82000CF167A /* Resources */ = {
			isa = PBXResourcesBuildPhase;
			buildActionMask = 2147483647;
			files = (
			);
			runOnlyForDeploymentPostprocessing = 0;
		};
		9C3649142615C82000CF167A /* Resources */ = {
			isa = PBXResourcesBuildPhase;
			buildActionMask = 2147483647;
			files = (
			);
			runOnlyForDeploymentPostprocessing = 0;
		};
/* End PBXResourcesBuildPhase section */

/* Begin PBXShellScriptBuildPhase section */
		421770AAD412A3D0ACAF29F0 /* [CP] Embed Pods Frameworks */ = {
			isa = PBXShellScriptBuildPhase;
			buildActionMask = 2147483647;
			files = (
			);
			inputFileListPaths = (
				"${PODS_ROOT}/Target Support Files/Pods-Steganography-SteganographyUITests/Pods-Steganography-SteganographyUITests-frameworks-${CONFIGURATION}-input-files.xcfilelist",
			);
			name = "[CP] Embed Pods Frameworks";
			outputFileListPaths = (
				"${PODS_ROOT}/Target Support Files/Pods-Steganography-SteganographyUITests/Pods-Steganography-SteganographyUITests-frameworks-${CONFIGURATION}-output-files.xcfilelist",
			);
			runOnlyForDeploymentPostprocessing = 0;
			shellPath = /bin/sh;
			shellScript = "\"${PODS_ROOT}/Target Support Files/Pods-Steganography-SteganographyUITests/Pods-Steganography-SteganographyUITests-frameworks.sh\"\n";
			showEnvVarsInLog = 0;
		};
		575D88D977CED9DD5A63391C /* [CP] Embed Pods Frameworks */ = {
			isa = PBXShellScriptBuildPhase;
			buildActionMask = 2147483647;
			files = (
			);
			inputFileListPaths = (
				"${PODS_ROOT}/Target Support Files/Pods-Steganography/Pods-Steganography-frameworks-${CONFIGURATION}-input-files.xcfilelist",
			);
			name = "[CP] Embed Pods Frameworks";
			outputFileListPaths = (
				"${PODS_ROOT}/Target Support Files/Pods-Steganography/Pods-Steganography-frameworks-${CONFIGURATION}-output-files.xcfilelist",
			);
			runOnlyForDeploymentPostprocessing = 0;
			shellPath = /bin/sh;
			shellScript = "\"${PODS_ROOT}/Target Support Files/Pods-Steganography/Pods-Steganography-frameworks.sh\"\n";
			showEnvVarsInLog = 0;
		};
		81F0E05A4076797C6DD6E9BD /* [CP] Check Pods Manifest.lock */ = {
			isa = PBXShellScriptBuildPhase;
			buildActionMask = 2147483647;
			files = (
			);
			inputFileListPaths = (
			);
			inputPaths = (
				"${PODS_PODFILE_DIR_PATH}/Podfile.lock",
				"${PODS_ROOT}/Manifest.lock",
			);
			name = "[CP] Check Pods Manifest.lock";
			outputFileListPaths = (
			);
			outputPaths = (
				"$(DERIVED_FILE_DIR)/Pods-Steganography-SteganographyUITests-checkManifestLockResult.txt",
			);
			runOnlyForDeploymentPostprocessing = 0;
			shellPath = /bin/sh;
			shellScript = "diff \"${PODS_PODFILE_DIR_PATH}/Podfile.lock\" \"${PODS_ROOT}/Manifest.lock\" > /dev/null\nif [ $? != 0 ] ; then\n    # print error to STDERR\n    echo \"error: The sandbox is not in sync with the Podfile.lock. Run 'pod install' or update your CocoaPods installation.\" >&2\n    exit 1\nfi\n# This output is used by Xcode 'outputs' to avoid re-running this script phase.\necho \"SUCCESS\" > \"${SCRIPT_OUTPUT_FILE_0}\"\n";
			showEnvVarsInLog = 0;
		};
		EF5DCEFE0F64BEBF03764BD4 /* [CP] Check Pods Manifest.lock */ = {
			isa = PBXShellScriptBuildPhase;
			buildActionMask = 2147483647;
			files = (
			);
			inputFileListPaths = (
			);
			inputPaths = (
				"${PODS_PODFILE_DIR_PATH}/Podfile.lock",
				"${PODS_ROOT}/Manifest.lock",
			);
			name = "[CP] Check Pods Manifest.lock";
			outputFileListPaths = (
			);
			outputPaths = (
				"$(DERIVED_FILE_DIR)/Pods-Steganography-checkManifestLockResult.txt",
			);
			runOnlyForDeploymentPostprocessing = 0;
			shellPath = /bin/sh;
			shellScript = "diff \"${PODS_PODFILE_DIR_PATH}/Podfile.lock\" \"${PODS_ROOT}/Manifest.lock\" > /dev/null\nif [ $? != 0 ] ; then\n    # print error to STDERR\n    echo \"error: The sandbox is not in sync with the Podfile.lock. Run 'pod install' or update your CocoaPods installation.\" >&2\n    exit 1\nfi\n# This output is used by Xcode 'outputs' to avoid re-running this script phase.\necho \"SUCCESS\" > \"${SCRIPT_OUTPUT_FILE_0}\"\n";
			showEnvVarsInLog = 0;
		};
		F90990F0BFE0E1A5114A1710 /* [CP] Check Pods Manifest.lock */ = {
			isa = PBXShellScriptBuildPhase;
			buildActionMask = 2147483647;
			files = (
			);
			inputFileListPaths = (
			);
			inputPaths = (
				"${PODS_PODFILE_DIR_PATH}/Podfile.lock",
				"${PODS_ROOT}/Manifest.lock",
			);
			name = "[CP] Check Pods Manifest.lock";
			outputFileListPaths = (
			);
			outputPaths = (
				"$(DERIVED_FILE_DIR)/Pods-SteganographyTests-checkManifestLockResult.txt",
			);
			runOnlyForDeploymentPostprocessing = 0;
			shellPath = /bin/sh;
			shellScript = "diff \"${PODS_PODFILE_DIR_PATH}/Podfile.lock\" \"${PODS_ROOT}/Manifest.lock\" > /dev/null\nif [ $? != 0 ] ; then\n    # print error to STDERR\n    echo \"error: The sandbox is not in sync with the Podfile.lock. Run 'pod install' or update your CocoaPods installation.\" >&2\n    exit 1\nfi\n# This output is used by Xcode 'outputs' to avoid re-running this script phase.\necho \"SUCCESS\" > \"${SCRIPT_OUTPUT_FILE_0}\"\n";
			showEnvVarsInLog = 0;
		};
/* End PBXShellScriptBuildPhase section */

/* Begin PBXSourcesBuildPhase section */
		9C3648F62615C81F00CF167A /* Sources */ = {
			isa = PBXSourcesBuildPhase;
			buildActionMask = 2147483647;
			files = (
				9C3649002615C81F00CF167A /* ContentView.swift in Sources */,
				9C36492D2615C94600CF167A /* ImageProcessor.swift in Sources */,
				9C68E857262D8644004ED766 /* ImagePicker.swift in Sources */,
				9C68E84A262D816E004ED766 /* HideImageView.swift in Sources */,
				9C3648FE2615C81F00CF167A /* SteganographyApp.swift in Sources */,
				9C68E85C262D871A004ED766 /* UnhideImageView.swift in Sources */,
			);
			runOnlyForDeploymentPostprocessing = 0;
		};
		9C3649072615C82000CF167A /* Sources */ = {
			isa = PBXSourcesBuildPhase;
			buildActionMask = 2147483647;
			files = (
				9C3649102615C82000CF167A /* SteganographyTests.swift in Sources */,
			);
			runOnlyForDeploymentPostprocessing = 0;
		};
		9C3649122615C82000CF167A /* Sources */ = {
			isa = PBXSourcesBuildPhase;
			buildActionMask = 2147483647;
			files = (
				9C36491B2615C82000CF167A /* SteganographyUITests.swift in Sources */,
			);
			runOnlyForDeploymentPostprocessing = 0;
		};
/* End PBXSourcesBuildPhase section */

/* Begin PBXTargetDependency section */
		9C36490D2615C82000CF167A /* PBXTargetDependency */ = {
			isa = PBXTargetDependency;
			target = 9C3648F92615C81F00CF167A /* Steganography */;
			targetProxy = 9C36490C2615C82000CF167A /* PBXContainerItemProxy */;
		};
		9C3649182615C82000CF167A /* PBXTargetDependency */ = {
			isa = PBXTargetDependency;
			target = 9C3648F92615C81F00CF167A /* Steganography */;
			targetProxy = 9C3649172615C82000CF167A /* PBXContainerItemProxy */;
		};
/* End PBXTargetDependency section */

/* Begin XCBuildConfiguration section */
		9C36491D2615C82000CF167A /* Debug */ = {
			isa = XCBuildConfiguration;
			buildSettings = {
				ALWAYS_SEARCH_USER_PATHS = NO;
				CLANG_ANALYZER_NONNULL = YES;
				CLANG_ANALYZER_NUMBER_OBJECT_CONVERSION = YES_AGGRESSIVE;
				CLANG_CXX_LANGUAGE_STANDARD = "gnu++14";
				CLANG_CXX_LIBRARY = "libc++";
				CLANG_ENABLE_MODULES = YES;
				CLANG_ENABLE_OBJC_ARC = YES;
				CLANG_ENABLE_OBJC_WEAK = YES;
				CLANG_WARN_BLOCK_CAPTURE_AUTORELEASING = YES;
				CLANG_WARN_BOOL_CONVERSION = YES;
				CLANG_WARN_COMMA = YES;
				CLANG_WARN_CONSTANT_CONVERSION = YES;
				CLANG_WARN_DEPRECATED_OBJC_IMPLEMENTATIONS = YES;
				CLANG_WARN_DIRECT_OBJC_ISA_USAGE = YES_ERROR;
				CLANG_WARN_DOCUMENTATION_COMMENTS = YES;
				CLANG_WARN_EMPTY_BODY = YES;
				CLANG_WARN_ENUM_CONVERSION = YES;
				CLANG_WARN_INFINITE_RECURSION = YES;
				CLANG_WARN_INT_CONVERSION = YES;
				CLANG_WARN_NON_LITERAL_NULL_CONVERSION = YES;
				CLANG_WARN_OBJC_IMPLICIT_RETAIN_SELF = YES;
				CLANG_WARN_OBJC_LITERAL_CONVERSION = YES;
				CLANG_WARN_OBJC_ROOT_CLASS = YES_ERROR;
				CLANG_WARN_QUOTED_INCLUDE_IN_FRAMEWORK_HEADER = YES;
				CLANG_WARN_RANGE_LOOP_ANALYSIS = YES;
				CLANG_WARN_STRICT_PROTOTYPES = YES;
				CLANG_WARN_SUSPICIOUS_MOVE = YES;
				CLANG_WARN_UNGUARDED_AVAILABILITY = YES_AGGRESSIVE;
				CLANG_WARN_UNREACHABLE_CODE = YES;
				CLANG_WARN__DUPLICATE_METHOD_MATCH = YES;
				COPY_PHASE_STRIP = NO;
				DEBUG_INFORMATION_FORMAT = dwarf;
				ENABLE_STRICT_OBJC_MSGSEND = YES;
				ENABLE_TESTABILITY = YES;
				GCC_C_LANGUAGE_STANDARD = gnu11;
				GCC_DYNAMIC_NO_PIC = NO;
				GCC_NO_COMMON_BLOCKS = YES;
				GCC_OPTIMIZATION_LEVEL = 0;
				GCC_PREPROCESSOR_DEFINITIONS = (
					"DEBUG=1",
					"$(inherited)",
				);
				GCC_WARN_64_TO_32_BIT_CONVERSION = YES;
				GCC_WARN_ABOUT_RETURN_TYPE = YES_ERROR;
				GCC_WARN_UNDECLARED_SELECTOR = YES;
				GCC_WARN_UNINITIALIZED_AUTOS = YES_AGGRESSIVE;
				GCC_WARN_UNUSED_FUNCTION = YES;
				GCC_WARN_UNUSED_VARIABLE = YES;
				IPHONEOS_DEPLOYMENT_TARGET = 14.4;
				MTL_ENABLE_DEBUG_INFO = INCLUDE_SOURCE;
				MTL_FAST_MATH = YES;
				ONLY_ACTIVE_ARCH = YES;
				SDKROOT = iphoneos;
				SWIFT_ACTIVE_COMPILATION_CONDITIONS = DEBUG;
				SWIFT_OPTIMIZATION_LEVEL = "-Onone";
			};
			name = Debug;
		};
		9C36491E2615C82000CF167A /* Release */ = {
			isa = XCBuildConfiguration;
			buildSettings = {
				ALWAYS_SEARCH_USER_PATHS = NO;
				CLANG_ANALYZER_NONNULL = YES;
				CLANG_ANALYZER_NUMBER_OBJECT_CONVERSION = YES_AGGRESSIVE;
				CLANG_CXX_LANGUAGE_STANDARD = "gnu++14";
				CLANG_CXX_LIBRARY = "libc++";
				CLANG_ENABLE_MODULES = YES;
				CLANG_ENABLE_OBJC_ARC = YES;
				CLANG_ENABLE_OBJC_WEAK = YES;
				CLANG_WARN_BLOCK_CAPTURE_AUTORELEASING = YES;
				CLANG_WARN_BOOL_CONVERSION = YES;
				CLANG_WARN_COMMA = YES;
				CLANG_WARN_CONSTANT_CONVERSION = YES;
				CLANG_WARN_DEPRECATED_OBJC_IMPLEMENTATIONS = YES;
				CLANG_WARN_DIRECT_OBJC_ISA_USAGE = YES_ERROR;
				CLANG_WARN_DOCUMENTATION_COMMENTS = YES;
				CLANG_WARN_EMPTY_BODY = YES;
				CLANG_WARN_ENUM_CONVERSION = YES;
				CLANG_WARN_INFINITE_RECURSION = YES;
				CLANG_WARN_INT_CONVERSION = YES;
				CLANG_WARN_NON_LITERAL_NULL_CONVERSION = YES;
				CLANG_WARN_OBJC_IMPLICIT_RETAIN_SELF = YES;
				CLANG_WARN_OBJC_LITERAL_CONVERSION = YES;
				CLANG_WARN_OBJC_ROOT_CLASS = YES_ERROR;
				CLANG_WARN_QUOTED_INCLUDE_IN_FRAMEWORK_HEADER = YES;
				CLANG_WARN_RANGE_LOOP_ANALYSIS = YES;
				CLANG_WARN_STRICT_PROTOTYPES = YES;
				CLANG_WARN_SUSPICIOUS_MOVE = YES;
				CLANG_WARN_UNGUARDED_AVAILABILITY = YES_AGGRESSIVE;
				CLANG_WARN_UNREACHABLE_CODE = YES;
				CLANG_WARN__DUPLICATE_METHOD_MATCH = YES;
				COPY_PHASE_STRIP = NO;
				DEBUG_INFORMATION_FORMAT = "dwarf-with-dsym";
				ENABLE_NS_ASSERTIONS = NO;
				ENABLE_STRICT_OBJC_MSGSEND = YES;
				GCC_C_LANGUAGE_STANDARD = gnu11;
				GCC_NO_COMMON_BLOCKS = YES;
				GCC_WARN_64_TO_32_BIT_CONVERSION = YES;
				GCC_WARN_ABOUT_RETURN_TYPE = YES_ERROR;
				GCC_WARN_UNDECLARED_SELECTOR = YES;
				GCC_WARN_UNINITIALIZED_AUTOS = YES_AGGRESSIVE;
				GCC_WARN_UNUSED_FUNCTION = YES;
				GCC_WARN_UNUSED_VARIABLE = YES;
				IPHONEOS_DEPLOYMENT_TARGET = 14.4;
				MTL_ENABLE_DEBUG_INFO = NO;
				MTL_FAST_MATH = YES;
				SDKROOT = iphoneos;
				SWIFT_COMPILATION_MODE = wholemodule;
				SWIFT_OPTIMIZATION_LEVEL = "-O";
				VALIDATE_PRODUCT = YES;
			};
			name = Release;
		};
		9C3649202615C82000CF167A /* Debug */ = {
			isa = XCBuildConfiguration;
			baseConfigurationReference = 26536B878729C097AB9D6159 /* Pods-Steganography.debug.xcconfig */;
			buildSettings = {
				ASSETCATALOG_COMPILER_APPICON_NAME = AppIcon;
				ASSETCATALOG_COMPILER_GLOBAL_ACCENT_COLOR_NAME = AccentColor;
				CODE_SIGN_STYLE = Automatic;
				DEVELOPMENT_ASSET_PATHS = "\"Steganography/Preview Content\"";
				DEVELOPMENT_TEAM = 93PS5ZU236;
				ENABLE_PREVIEWS = YES;
				INFOPLIST_FILE = Steganography/Info.plist;
				IPHONEOS_DEPLOYMENT_TARGET = 14.0;
				LD_RUNPATH_SEARCH_PATHS = (
					"$(inherited)",
					"@executable_path/Frameworks",
				);
				PRODUCT_BUNDLE_IDENTIFIER = SSCode.Steganography;
				PRODUCT_NAME = "$(TARGET_NAME)";
				SWIFT_VERSION = 5.0;
				TARGETED_DEVICE_FAMILY = "1,2";
			};
			name = Debug;
		};
		9C3649212615C82000CF167A /* Release */ = {
			isa = XCBuildConfiguration;
			baseConfigurationReference = 9D8BA2A0D3045AAE9C317C59 /* Pods-Steganography.release.xcconfig */;
			buildSettings = {
				ASSETCATALOG_COMPILER_APPICON_NAME = AppIcon;
				ASSETCATALOG_COMPILER_GLOBAL_ACCENT_COLOR_NAME = AccentColor;
				CODE_SIGN_STYLE = Automatic;
				DEVELOPMENT_ASSET_PATHS = "\"Steganography/Preview Content\"";
				DEVELOPMENT_TEAM = 93PS5ZU236;
				ENABLE_PREVIEWS = YES;
				INFOPLIST_FILE = Steganography/Info.plist;
				IPHONEOS_DEPLOYMENT_TARGET = 14.0;
				LD_RUNPATH_SEARCH_PATHS = (
					"$(inherited)",
					"@executable_path/Frameworks",
				);
				PRODUCT_BUNDLE_IDENTIFIER = SSCode.Steganography;
				PRODUCT_NAME = "$(TARGET_NAME)";
				SWIFT_VERSION = 5.0;
				TARGETED_DEVICE_FAMILY = "1,2";
			};
			name = Release;
		};
		9C3649232615C82000CF167A /* Debug */ = {
			isa = XCBuildConfiguration;
			baseConfigurationReference = 1D18036DA094974193AC24BC /* Pods-SteganographyTests.debug.xcconfig */;
			buildSettings = {
				ALWAYS_EMBED_SWIFT_STANDARD_LIBRARIES = YES;
				BUNDLE_LOADER = "$(TEST_HOST)";
				CODE_SIGN_STYLE = Automatic;
				DEVELOPMENT_TEAM = 93PS5ZU236;
				INFOPLIST_FILE = SteganographyTests/Info.plist;
				IPHONEOS_DEPLOYMENT_TARGET = 14.0;
				LD_RUNPATH_SEARCH_PATHS = (
					"$(inherited)",
					"@executable_path/Frameworks",
					"@loader_path/Frameworks",
				);
				PRODUCT_BUNDLE_IDENTIFIER = SSCode.SteganographyTests;
				PRODUCT_NAME = "$(TARGET_NAME)";
				SWIFT_VERSION = 5.0;
				TARGETED_DEVICE_FAMILY = "1,2";
				TEST_HOST = "$(BUILT_PRODUCTS_DIR)/Steganography.app/Steganography";
			};
			name = Debug;
		};
		9C3649242615C82000CF167A /* Release */ = {
			isa = XCBuildConfiguration;
			baseConfigurationReference = A88E2E3A4F563C0EDA84719C /* Pods-SteganographyTests.release.xcconfig */;
			buildSettings = {
				ALWAYS_EMBED_SWIFT_STANDARD_LIBRARIES = YES;
				BUNDLE_LOADER = "$(TEST_HOST)";
				CODE_SIGN_STYLE = Automatic;
				DEVELOPMENT_TEAM = 93PS5ZU236;
				INFOPLIST_FILE = SteganographyTests/Info.plist;
				IPHONEOS_DEPLOYMENT_TARGET = 14.0;
				LD_RUNPATH_SEARCH_PATHS = (
					"$(inherited)",
					"@executable_path/Frameworks",
					"@loader_path/Frameworks",
				);
				PRODUCT_BUNDLE_IDENTIFIER = SSCode.SteganographyTests;
				PRODUCT_NAME = "$(TARGET_NAME)";
				SWIFT_VERSION = 5.0;
				TARGETED_DEVICE_FAMILY = "1,2";
				TEST_HOST = "$(BUILT_PRODUCTS_DIR)/Steganography.app/Steganography";
			};
			name = Release;
		};
		9C3649262615C82000CF167A /* Debug */ = {
			isa = XCBuildConfiguration;
			baseConfigurationReference = 4381F3DFF60E2FA16100B7A2 /* Pods-Steganography-SteganographyUITests.debug.xcconfig */;
			buildSettings = {
				ALWAYS_EMBED_SWIFT_STANDARD_LIBRARIES = YES;
				CODE_SIGN_STYLE = Automatic;
				DEVELOPMENT_TEAM = 93PS5ZU236;
				INFOPLIST_FILE = SteganographyUITests/Info.plist;
				LD_RUNPATH_SEARCH_PATHS = (
					"$(inherited)",
					"@executable_path/Frameworks",
					"@loader_path/Frameworks",
				);
				PRODUCT_BUNDLE_IDENTIFIER = SSCode.SteganographyUITests;
				PRODUCT_NAME = "$(TARGET_NAME)";
				SWIFT_VERSION = 5.0;
				TARGETED_DEVICE_FAMILY = "1,2";
				TEST_TARGET_NAME = Steganography;
			};
			name = Debug;
		};
		9C3649272615C82000CF167A /* Release */ = {
			isa = XCBuildConfiguration;
			baseConfigurationReference = B2E8A32285058934487A9B59 /* Pods-Steganography-SteganographyUITests.release.xcconfig */;
			buildSettings = {
				ALWAYS_EMBED_SWIFT_STANDARD_LIBRARIES = YES;
				CODE_SIGN_STYLE = Automatic;
				DEVELOPMENT_TEAM = 93PS5ZU236;
				INFOPLIST_FILE = SteganographyUITests/Info.plist;
				LD_RUNPATH_SEARCH_PATHS = (
					"$(inherited)",
					"@executable_path/Frameworks",
					"@loader_path/Frameworks",
				);
				PRODUCT_BUNDLE_IDENTIFIER = SSCode.SteganographyUITests;
				PRODUCT_NAME = "$(TARGET_NAME)";
				SWIFT_VERSION = 5.0;
				TARGETED_DEVICE_FAMILY = "1,2";
				TEST_TARGET_NAME = Steganography;
			};
			name = Release;
		};
/* End XCBuildConfiguration section */

/* Begin XCConfigurationList section */
		9C3648F52615C81F00CF167A /* Build configuration list for PBXProject "Steganography" */ = {
			isa = XCConfigurationList;
			buildConfigurations = (
				9C36491D2615C82000CF167A /* Debug */,
				9C36491E2615C82000CF167A /* Release */,
			);
			defaultConfigurationIsVisible = 0;
			defaultConfigurationName = Release;
		};
		9C36491F2615C82000CF167A /* Build configuration list for PBXNativeTarget "Steganography" */ = {
			isa = XCConfigurationList;
			buildConfigurations = (
				9C3649202615C82000CF167A /* Debug */,
				9C3649212615C82000CF167A /* Release */,
			);
			defaultConfigurationIsVisible = 0;
			defaultConfigurationName = Release;
		};
		9C3649222615C82000CF167A /* Build configuration list for PBXNativeTarget "SteganographyTests" */ = {
			isa = XCConfigurationList;
			buildConfigurations = (
				9C3649232615C82000CF167A /* Debug */,
				9C3649242615C82000CF167A /* Release */,
			);
			defaultConfigurationIsVisible = 0;
			defaultConfigurationName = Release;
		};
		9C3649252615C82000CF167A /* Build configuration list for PBXNativeTarget "SteganographyUITests" */ = {
			isa = XCConfigurationList;
			buildConfigurations = (
				9C3649262615C82000CF167A /* Debug */,
				9C3649272615C82000CF167A /* Release */,
			);
			defaultConfigurationIsVisible = 0;
			defaultConfigurationName = Release;
		};
/* End XCConfigurationList section */
	};
	rootObject = 9C3648F22615C81F00CF167A /* Project object */;
}
